// !$*UTF8*$!
{
	archiveVersion = 1;
	classes = {
	};
	objectVersion = 46;
	objects = {

/* Begin PBXBuildFile section */
		102DC99717B8649700A7CD25 /* NSString+HexData.h in Headers */ = {isa = PBXBuildFile; fileRef = 102DC99517B8649700A7CD25 /* NSString+HexData.h */; settings = {ATTRIBUTES = (Public, ); }; };
		102DC99817B8649700A7CD25 /* NSString+HexData.m in Sources */ = {isa = PBXBuildFile; fileRef = 102DC99617B8649700A7CD25 /* NSString+HexData.m */; };
		1032AE00165C4CED000EE193 /* NSURLConnectionVCR.h in Headers */ = {isa = PBXBuildFile; fileRef = 1032ADFD165C4CED000EE193 /* NSURLConnectionVCR.h */; settings = {ATTRIBUTES = (Public, ); }; };
		1032AE01165C4CED000EE193 /* NSURLConnectionVCR.m in Sources */ = {isa = PBXBuildFile; fileRef = 1032ADFE165C4CED000EE193 /* NSURLConnectionVCR.m */; };
		10418C7E1642D5E600066DE0 /* Foundation.framework in Frameworks */ = {isa = PBXBuildFile; fileRef = 10418C7D1642D5E600066DE0 /* Foundation.framework */; };
		10418CAA1642D63B00066DE0 /* CHMultiDictionary.m in Sources */ = {isa = PBXBuildFile; fileRef = 10418C8D1642D63B00066DE0 /* CHMultiDictionary.m */; settings = {COMPILER_FLAGS = "-fno-objc-arc"; }; };
		10418CAB1642D63B00066DE0 /* CHMutableDictionary.m in Sources */ = {isa = PBXBuildFile; fileRef = 10418C8F1642D63B00066DE0 /* CHMutableDictionary.m */; settings = {COMPILER_FLAGS = "-fno-objc-arc"; }; };
		10418D741642E28000066DE0 /* CHMultiDictionary.h in Headers */ = {isa = PBXBuildFile; fileRef = 10418C8C1642D63B00066DE0 /* CHMultiDictionary.h */; settings = {ATTRIBUTES = (Public, ); }; };
		10418D751642E28900066DE0 /* CHMutableDictionary.h in Headers */ = {isa = PBXBuildFile; fileRef = 10418C8E1642D63B00066DE0 /* CHMutableDictionary.h */; settings = {ATTRIBUTES = (Public, ); }; };
		10418D871642E8B600066DE0 /* Foundation.framework in Frameworks */ = {isa = PBXBuildFile; fileRef = 10418C7D1642D5E600066DE0 /* Foundation.framework */; };
		10418D931642E90000066DE0 /* EAAccessoryFramework+OCMock.m in Sources */ = {isa = PBXBuildFile; fileRef = 10418CFE1642DFB300066DE0 /* EAAccessoryFramework+OCMock.m */; };
		10418D9B1642E93400066DE0 /* EAAccessoryFramework+OCMock.h in Headers */ = {isa = PBXBuildFile; fileRef = 10418CFD1642DFB300066DE0 /* EAAccessoryFramework+OCMock.h */; settings = {ATTRIBUTES = (Public, ); }; };
		10418DA01642EB5B00066DE0 /* OCMock in CopyFiles */ = {isa = PBXBuildFile; fileRef = 10418D9F1642EB4700066DE0 /* OCMock */; };
		10C2E81D16A506A500546F34 /* UIDevice-Hardware.h in Headers */ = {isa = PBXBuildFile; fileRef = 10C2E81B16A506A500546F34 /* UIDevice-Hardware.h */; settings = {ATTRIBUTES = (Public, ); }; };
		10C2E81E16A506A500546F34 /* UIDevice-Hardware.m in Sources */ = {isa = PBXBuildFile; fileRef = 10C2E81C16A506A500546F34 /* UIDevice-Hardware.m */; };
		10E3FFC81667EE1600657F03 /* DDASLLogger.h in Headers */ = {isa = PBXBuildFile; fileRef = 10E3FFC01667EE1600657F03 /* DDASLLogger.h */; settings = {ATTRIBUTES = (Public, ); }; };
		10E3FFC91667EE1600657F03 /* DDASLLogger.m in Sources */ = {isa = PBXBuildFile; fileRef = 10E3FFC11667EE1600657F03 /* DDASLLogger.m */; };
		10E3FFCA1667EE1600657F03 /* DDFileLogger.h in Headers */ = {isa = PBXBuildFile; fileRef = 10E3FFC21667EE1600657F03 /* DDFileLogger.h */; settings = {ATTRIBUTES = (Public, ); }; };
		10E3FFCB1667EE1600657F03 /* DDFileLogger.m in Sources */ = {isa = PBXBuildFile; fileRef = 10E3FFC31667EE1600657F03 /* DDFileLogger.m */; };
		10E3FFCC1667EE1600657F03 /* DDLog.h in Headers */ = {isa = PBXBuildFile; fileRef = 10E3FFC41667EE1600657F03 /* DDLog.h */; settings = {ATTRIBUTES = (Public, ); }; };
		10E3FFCD1667EE1600657F03 /* DDLog.m in Sources */ = {isa = PBXBuildFile; fileRef = 10E3FFC51667EE1600657F03 /* DDLog.m */; };
		10E3FFCE1667EE1600657F03 /* DDTTYLogger.h in Headers */ = {isa = PBXBuildFile; fileRef = 10E3FFC61667EE1600657F03 /* DDTTYLogger.h */; settings = {ATTRIBUTES = (Public, ); }; };
		10E3FFCF1667EE1600657F03 /* DDTTYLogger.m in Sources */ = {isa = PBXBuildFile; fileRef = 10E3FFC71667EE1600657F03 /* DDTTYLogger.m */; };
		B955BFAF17E9186300A438ED /* NSJSONSerialization+PBJSONHelpers.h in Headers */ = {isa = PBXBuildFile; fileRef = B955BFAD17E9186300A438ED /* NSJSONSerialization+PBJSONHelpers.h */; settings = {ATTRIBUTES = (Public, ); }; };
		B955BFB017E9186400A438ED /* NSJSONSerialization+PBJSONHelpers.m in Sources */ = {isa = PBXBuildFile; fileRef = B955BFAE17E9186300A438ED /* NSJSONSerialization+PBJSONHelpers.m */; };
		B955BFB317E918B500A438ED /* PBVendorLog.h in Headers */ = {isa = PBXBuildFile; fileRef = B955BFB117E918B500A438ED /* PBVendorLog.h */; };
		B955BFB417E918B500A438ED /* PBVendorLog.m in Sources */ = {isa = PBXBuildFile; fileRef = B955BFB217E918B500A438ED /* PBVendorLog.m */; };
		B98D7A261883A5D2006EE3F8 /* NSJSONSerialization+ObjectWithNString.h in Headers */ = {isa = PBXBuildFile; fileRef = B98D7A241883A5D2006EE3F8 /* NSJSONSerialization+ObjectWithNString.h */; settings = {ATTRIBUTES = (Public, ); }; };
		B98D7A271883A5D2006EE3F8 /* NSJSONSerialization+ObjectWithNString.m in Sources */ = {isa = PBXBuildFile; fileRef = B98D7A251883A5D2006EE3F8 /* NSJSONSerialization+ObjectWithNString.m */; };
/* End PBXBuildFile section */

/* Begin PBXCopyFilesBuildPhase section */
		10418C781642D5E600066DE0 /* CopyFiles */ = {
			isa = PBXCopyFilesBuildPhase;
			buildActionMask = 2147483647;
			dstPath = "include/${PRODUCT_NAME}";
			dstSubfolderSpec = 16;
			files = (
			);
			runOnlyForDeploymentPostprocessing = 0;
		};
		10418D841642E8B600066DE0 /* CopyFiles */ = {
			isa = PBXCopyFilesBuildPhase;
			buildActionMask = 2147483647;
			dstPath = usr/local/include;
			dstSubfolderSpec = 16;
			files = (
				10418DA01642EB5B00066DE0 /* OCMock in CopyFiles */,
			);
			runOnlyForDeploymentPostprocessing = 0;
		};
/* End PBXCopyFilesBuildPhase section */

/* Begin PBXFileReference section */
		102DC99517B8649700A7CD25 /* NSString+HexData.h */ = {isa = PBXFileReference; fileEncoding = 4; lastKnownFileType = sourcecode.c.h; path = "NSString+HexData.h"; sourceTree = "<group>"; };
		102DC99617B8649700A7CD25 /* NSString+HexData.m */ = {isa = PBXFileReference; fileEncoding = 4; lastKnownFileType = sourcecode.c.objc; path = "NSString+HexData.m"; sourceTree = "<group>"; };
		1032ADFD165C4CED000EE193 /* NSURLConnectionVCR.h */ = {isa = PBXFileReference; fileEncoding = 4; lastKnownFileType = sourcecode.c.h; path = NSURLConnectionVCR.h; sourceTree = "<group>"; };
		1032ADFE165C4CED000EE193 /* NSURLConnectionVCR.m */ = {isa = PBXFileReference; fileEncoding = 4; lastKnownFileType = sourcecode.c.objc; path = NSURLConnectionVCR.m; sourceTree = "<group>"; };
		103DDC9D166A6C0700736D2F /* CompressingLogFileManager.h */ = {isa = PBXFileReference; fileEncoding = 4; lastKnownFileType = sourcecode.c.h; path = CompressingLogFileManager.h; sourceTree = "<group>"; };
		103DDC9E166A6C0700736D2F /* CompressingLogFileManager.m */ = {isa = PBXFileReference; fileEncoding = 4; lastKnownFileType = sourcecode.c.objc; path = CompressingLogFileManager.m; sourceTree = "<group>"; };
		10418C7A1642D5E600066DE0 /* libPebbleVendor.a */ = {isa = PBXFileReference; explicitFileType = archive.ar; includeInIndex = 0; path = libPebbleVendor.a; sourceTree = BUILT_PRODUCTS_DIR; };
		10418C7D1642D5E600066DE0 /* Foundation.framework */ = {isa = PBXFileReference; lastKnownFileType = wrapper.framework; name = Foundation.framework; path = System/Library/Frameworks/Foundation.framework; sourceTree = SDKROOT; };
		10418C8C1642D63B00066DE0 /* CHMultiDictionary.h */ = {isa = PBXFileReference; fileEncoding = 4; lastKnownFileType = sourcecode.c.h; path = CHMultiDictionary.h; sourceTree = "<group>"; };
		10418C8D1642D63B00066DE0 /* CHMultiDictionary.m */ = {isa = PBXFileReference; fileEncoding = 4; lastKnownFileType = sourcecode.c.objc; path = CHMultiDictionary.m; sourceTree = "<group>"; };
		10418C8E1642D63B00066DE0 /* CHMutableDictionary.h */ = {isa = PBXFileReference; fileEncoding = 4; lastKnownFileType = sourcecode.c.h; path = CHMutableDictionary.h; sourceTree = "<group>"; };
		10418C8F1642D63B00066DE0 /* CHMutableDictionary.m */ = {isa = PBXFileReference; fileEncoding = 4; lastKnownFileType = sourcecode.c.objc; path = CHMutableDictionary.m; sourceTree = "<group>"; };
		10418CFD1642DFB300066DE0 /* EAAccessoryFramework+OCMock.h */ = {isa = PBXFileReference; fileEncoding = 4; lastKnownFileType = sourcecode.c.h; path = "EAAccessoryFramework+OCMock.h"; sourceTree = "<group>"; };
		10418CFE1642DFB300066DE0 /* EAAccessoryFramework+OCMock.m */ = {isa = PBXFileReference; fileEncoding = 4; lastKnownFileType = sourcecode.c.objc; path = "EAAccessoryFramework+OCMock.m"; sourceTree = "<group>"; };
		10418D861642E8B600066DE0 /* libPebbleTesting.a */ = {isa = PBXFileReference; explicitFileType = archive.ar; includeInIndex = 0; path = libPebbleTesting.a; sourceTree = BUILT_PRODUCTS_DIR; };
		10418D9F1642EB4700066DE0 /* OCMock */ = {isa = PBXFileReference; lastKnownFileType = folder; path = OCMock; sourceTree = "<group>"; };
		10C2E81B16A506A500546F34 /* UIDevice-Hardware.h */ = {isa = PBXFileReference; fileEncoding = 4; lastKnownFileType = sourcecode.c.h; path = "UIDevice-Hardware.h"; sourceTree = "<group>"; };
		10C2E81C16A506A500546F34 /* UIDevice-Hardware.m */ = {isa = PBXFileReference; fileEncoding = 4; lastKnownFileType = sourcecode.c.objc; path = "UIDevice-Hardware.m"; sourceTree = "<group>"; };
		10E3FFC01667EE1600657F03 /* DDASLLogger.h */ = {isa = PBXFileReference; fileEncoding = 4; lastKnownFileType = sourcecode.c.h; path = DDASLLogger.h; sourceTree = "<group>"; };
		10E3FFC11667EE1600657F03 /* DDASLLogger.m */ = {isa = PBXFileReference; fileEncoding = 4; lastKnownFileType = sourcecode.c.objc; path = DDASLLogger.m; sourceTree = "<group>"; };
		10E3FFC21667EE1600657F03 /* DDFileLogger.h */ = {isa = PBXFileReference; fileEncoding = 4; lastKnownFileType = sourcecode.c.h; path = DDFileLogger.h; sourceTree = "<group>"; };
		10E3FFC31667EE1600657F03 /* DDFileLogger.m */ = {isa = PBXFileReference; fileEncoding = 4; lastKnownFileType = sourcecode.c.objc; path = DDFileLogger.m; sourceTree = "<group>"; };
		10E3FFC41667EE1600657F03 /* DDLog.h */ = {isa = PBXFileReference; fileEncoding = 4; lastKnownFileType = sourcecode.c.h; path = DDLog.h; sourceTree = "<group>"; };
		10E3FFC51667EE1600657F03 /* DDLog.m */ = {isa = PBXFileReference; fileEncoding = 4; lastKnownFileType = sourcecode.c.objc; path = DDLog.m; sourceTree = "<group>"; };
		10E3FFC61667EE1600657F03 /* DDTTYLogger.h */ = {isa = PBXFileReference; fileEncoding = 4; lastKnownFileType = sourcecode.c.h; path = DDTTYLogger.h; sourceTree = "<group>"; };
		10E3FFC71667EE1600657F03 /* DDTTYLogger.m */ = {isa = PBXFileReference; fileEncoding = 4; lastKnownFileType = sourcecode.c.objc; path = DDTTYLogger.m; sourceTree = "<group>"; };
		B955BFAD17E9186300A438ED /* NSJSONSerialization+PBJSONHelpers.h */ = {isa = PBXFileReference; fileEncoding = 4; lastKnownFileType = sourcecode.c.h; path = "NSJSONSerialization+PBJSONHelpers.h"; sourceTree = "<group>"; };
		B955BFAE17E9186300A438ED /* NSJSONSerialization+PBJSONHelpers.m */ = {isa = PBXFileReference; fileEncoding = 4; lastKnownFileType = sourcecode.c.objc; path = "NSJSONSerialization+PBJSONHelpers.m"; sourceTree = "<group>"; };
		B955BFB117E918B500A438ED /* PBVendorLog.h */ = {isa = PBXFileReference; fileEncoding = 4; lastKnownFileType = sourcecode.c.h; path = PBVendorLog.h; sourceTree = "<group>"; };
		B955BFB217E918B500A438ED /* PBVendorLog.m */ = {isa = PBXFileReference; fileEncoding = 4; lastKnownFileType = sourcecode.c.objc; path = PBVendorLog.m; sourceTree = "<group>"; };
		B98D7A241883A5D2006EE3F8 /* NSJSONSerialization+ObjectWithNString.h */ = {isa = PBXFileReference; fileEncoding = 4; lastKnownFileType = sourcecode.c.h; path = "NSJSONSerialization+ObjectWithNString.h"; sourceTree = "<group>"; };
		B98D7A251883A5D2006EE3F8 /* NSJSONSerialization+ObjectWithNString.m */ = {isa = PBXFileReference; fileEncoding = 4; lastKnownFileType = sourcecode.c.objc; path = "NSJSONSerialization+ObjectWithNString.m"; sourceTree = "<group>"; };
/* End PBXFileReference section */

/* Begin PBXFrameworksBuildPhase section */
		10418C771642D5E600066DE0 /* Frameworks */ = {
			isa = PBXFrameworksBuildPhase;
			buildActionMask = 2147483647;
			files = (
				10418C7E1642D5E600066DE0 /* Foundation.framework in Frameworks */,
			);
			runOnlyForDeploymentPostprocessing = 0;
		};
		10418D831642E8B600066DE0 /* Frameworks */ = {
			isa = PBXFrameworksBuildPhase;
			buildActionMask = 2147483647;
			files = (
				10418D871642E8B600066DE0 /* Foundation.framework in Frameworks */,
			);
			runOnlyForDeploymentPostprocessing = 0;
		};
/* End PBXFrameworksBuildPhase section */

/* Begin PBXGroup section */
		1032ADFA165C4CED000EE193 /* NSURLConnectionVCR */ = {
			isa = PBXGroup;
			children = (
				1032ADFD165C4CED000EE193 /* NSURLConnectionVCR.h */,
				1032ADFE165C4CED000EE193 /* NSURLConnectionVCR.m */,
			);
			path = NSURLConnectionVCR;
			sourceTree = "<group>";
		};
		10418C6F1642D5E600066DE0 = {
			isa = PBXGroup;
			children = (
				B98D7A241883A5D2006EE3F8 /* NSJSONSerialization+ObjectWithNString.h */,
				B98D7A251883A5D2006EE3F8 /* NSJSONSerialization+ObjectWithNString.m */,
				B955BFB117E918B500A438ED /* PBVendorLog.h */,
				B955BFB217E918B500A438ED /* PBVendorLog.m */,
				102DC99517B8649700A7CD25 /* NSString+HexData.h */,
				102DC99617B8649700A7CD25 /* NSString+HexData.m */,
				10418CFE1642DFB300066DE0 /* EAAccessoryFramework+OCMock.m */,
				10418CFD1642DFB300066DE0 /* EAAccessoryFramework+OCMock.h */,
				B955BFAD17E9186300A438ED /* NSJSONSerialization+PBJSONHelpers.h */,
				B955BFAE17E9186300A438ED /* NSJSONSerialization+PBJSONHelpers.m */,
				10C2E81A16A506A500546F34 /* UIDevice-Extension */,
				10E3FFBF1667EE1600657F03 /* Lumberjack */,
				1032ADFA165C4CED000EE193 /* NSURLConnectionVCR */,
				10418D9F1642EB4700066DE0 /* OCMock */,
				10418C8B1642D63B00066DE0 /* CHDataStructures */,
				10418C7C1642D5E600066DE0 /* Frameworks */,
				10418C7B1642D5E600066DE0 /* Products */,
			);
			sourceTree = "<group>";
		};
		10418C7B1642D5E600066DE0 /* Products */ = {
			isa = PBXGroup;
			children = (
				10418C7A1642D5E600066DE0 /* libPebbleVendor.a */,
				10418D861642E8B600066DE0 /* libPebbleTesting.a */,
			);
			name = Products;
			sourceTree = "<group>";
		};
		10418C7C1642D5E600066DE0 /* Frameworks */ = {
			isa = PBXGroup;
			children = (
				10418C7D1642D5E600066DE0 /* Foundation.framework */,
			);
			name = Frameworks;
			sourceTree = "<group>";
		};
		10418C8B1642D63B00066DE0 /* CHDataStructures */ = {
			isa = PBXGroup;
			children = (
				10418C8C1642D63B00066DE0 /* CHMultiDictionary.h */,
				10418C8D1642D63B00066DE0 /* CHMultiDictionary.m */,
				10418C8E1642D63B00066DE0 /* CHMutableDictionary.h */,
				10418C8F1642D63B00066DE0 /* CHMutableDictionary.m */,
			);
			path = CHDataStructures;
			sourceTree = "<group>";
		};
		10C2E81A16A506A500546F34 /* UIDevice-Extension */ = {
			isa = PBXGroup;
			children = (
				10C2E81B16A506A500546F34 /* UIDevice-Hardware.h */,
				10C2E81C16A506A500546F34 /* UIDevice-Hardware.m */,
			);
			path = "UIDevice-Extension";
			sourceTree = "<group>";
		};
		10E3FFBF1667EE1600657F03 /* Lumberjack */ = {
			isa = PBXGroup;
			children = (
				103DDC9D166A6C0700736D2F /* CompressingLogFileManager.h */,
				103DDC9E166A6C0700736D2F /* CompressingLogFileManager.m */,
				10E3FFC01667EE1600657F03 /* DDASLLogger.h */,
				10E3FFC11667EE1600657F03 /* DDASLLogger.m */,
				10E3FFC21667EE1600657F03 /* DDFileLogger.h */,
				10E3FFC31667EE1600657F03 /* DDFileLogger.m */,
				10E3FFC41667EE1600657F03 /* DDLog.h */,
				10E3FFC51667EE1600657F03 /* DDLog.m */,
				10E3FFC61667EE1600657F03 /* DDTTYLogger.h */,
				10E3FFC71667EE1600657F03 /* DDTTYLogger.m */,
			);
			path = Lumberjack;
			sourceTree = "<group>";
		};
/* End PBXGroup section */

/* Begin PBXHeadersBuildPhase section */
		10418D721642E27C00066DE0 /* Headers */ = {
			isa = PBXHeadersBuildPhase;
			buildActionMask = 2147483647;
			files = (
				B955BFB317E918B500A438ED /* PBVendorLog.h in Headers */,
				10418D741642E28000066DE0 /* CHMultiDictionary.h in Headers */,
				10418D751642E28900066DE0 /* CHMutableDictionary.h in Headers */,
				102DC99717B8649700A7CD25 /* NSString+HexData.h in Headers */,
				10E3FFC81667EE1600657F03 /* DDASLLogger.h in Headers */,
				10E3FFCA1667EE1600657F03 /* DDFileLogger.h in Headers */,
				B955BFAF17E9186300A438ED /* NSJSONSerialization+PBJSONHelpers.h in Headers */,
				10E3FFCC1667EE1600657F03 /* DDLog.h in Headers */,
				B98D7A261883A5D2006EE3F8 /* NSJSONSerialization+ObjectWithNString.h in Headers */,
				10E3FFCE1667EE1600657F03 /* DDTTYLogger.h in Headers */,
				10C2E81D16A506A500546F34 /* UIDevice-Hardware.h in Headers */,
			);
			runOnlyForDeploymentPostprocessing = 0;
		};
		10418D941642E91400066DE0 /* Headers */ = {
			isa = PBXHeadersBuildPhase;
			buildActionMask = 2147483647;
			files = (
				10418D9B1642E93400066DE0 /* EAAccessoryFramework+OCMock.h in Headers */,
				1032AE00165C4CED000EE193 /* NSURLConnectionVCR.h in Headers */,
			);
			runOnlyForDeploymentPostprocessing = 0;
		};
/* End PBXHeadersBuildPhase section */

/* Begin PBXNativeTarget section */
		10418C791642D5E600066DE0 /* PebbleVendor */ = {
			isa = PBXNativeTarget;
			buildConfigurationList = 10418C881642D5E600066DE0 /* Build configuration list for PBXNativeTarget "PebbleVendor" */;
			buildPhases = (
				10418C761642D5E600066DE0 /* Sources */,
				10418C771642D5E600066DE0 /* Frameworks */,
				10418C781642D5E600066DE0 /* CopyFiles */,
				10418D721642E27C00066DE0 /* Headers */,
			);
			buildRules = (
			);
			dependencies = (
			);
			name = PebbleVendor;
			productName = PebbleVendor;
			productReference = 10418C7A1642D5E600066DE0 /* libPebbleVendor.a */;
			productType = "com.apple.product-type.library.static";
		};
		10418D851642E8B600066DE0 /* PebbleTesting */ = {
			isa = PBXNativeTarget;
			buildConfigurationList = 10418D8F1642E8B700066DE0 /* Build configuration list for PBXNativeTarget "PebbleTesting" */;
			buildPhases = (
				10418D821642E8B600066DE0 /* Sources */,
				10418D831642E8B600066DE0 /* Frameworks */,
				10418D841642E8B600066DE0 /* CopyFiles */,
				10418D941642E91400066DE0 /* Headers */,
			);
			buildRules = (
			);
			dependencies = (
			);
			name = PebbleTesting;
			productName = PebbleOCMock;
			productReference = 10418D861642E8B600066DE0 /* libPebbleTesting.a */;
			productType = "com.apple.product-type.library.static";
		};
/* End PBXNativeTarget section */

/* Begin PBXProject section */
		10418C711642D5E600066DE0 /* Project object */ = {
			isa = PBXProject;
			attributes = {
				LastUpgradeCheck = 0510;
				ORGANIZATIONNAME = "Pebble Technology Corp.";
			};
			buildConfigurationList = 10418C741642D5E600066DE0 /* Build configuration list for PBXProject "PebbleVendor" */;
			compatibilityVersion = "Xcode 3.2";
			developmentRegion = English;
			hasScannedForEncodings = 0;
			knownRegions = (
				en,
			);
			mainGroup = 10418C6F1642D5E600066DE0;
			productRefGroup = 10418C7B1642D5E600066DE0 /* Products */;
			projectDirPath = "";
			projectRoot = "";
			targets = (
				10418C791642D5E600066DE0 /* PebbleVendor */,
				10418D851642E8B600066DE0 /* PebbleTesting */,
			);
		};
/* End PBXProject section */

/* Begin PBXSourcesBuildPhase section */
		10418C761642D5E600066DE0 /* Sources */ = {
			isa = PBXSourcesBuildPhase;
			buildActionMask = 2147483647;
			files = (
				10418CAA1642D63B00066DE0 /* CHMultiDictionary.m in Sources */,
				B955BFB417E918B500A438ED /* PBVendorLog.m in Sources */,
				10418CAB1642D63B00066DE0 /* CHMutableDictionary.m in Sources */,
				10E3FFC91667EE1600657F03 /* DDASLLogger.m in Sources */,
				102DC99817B8649700A7CD25 /* NSString+HexData.m in Sources */,
				10E3FFCB1667EE1600657F03 /* DDFileLogger.m in Sources */,
				10E3FFCD1667EE1600657F03 /* DDLog.m in Sources */,
				10E3FFCF1667EE1600657F03 /* DDTTYLogger.m in Sources */,
				10C2E81E16A506A500546F34 /* UIDevice-Hardware.m in Sources */,
				B98D7A271883A5D2006EE3F8 /* NSJSONSerialization+ObjectWithNString.m in Sources */,
				B955BFB017E9186400A438ED /* NSJSONSerialization+PBJSONHelpers.m in Sources */,
			);
			runOnlyForDeploymentPostprocessing = 0;
		};
		10418D821642E8B600066DE0 /* Sources */ = {
			isa = PBXSourcesBuildPhase;
			buildActionMask = 2147483647;
			files = (
				10418D931642E90000066DE0 /* EAAccessoryFramework+OCMock.m in Sources */,
				1032AE01165C4CED000EE193 /* NSURLConnectionVCR.m in Sources */,
			);
			runOnlyForDeploymentPostprocessing = 0;
		};
/* End PBXSourcesBuildPhase section */

/* Begin XCBuildConfiguration section */
		10418C861642D5E600066DE0 /* Debug */ = {
			isa = XCBuildConfiguration;
			buildSettings = {
				ALWAYS_SEARCH_USER_PATHS = NO;
				CLANG_CXX_LANGUAGE_STANDARD = "gnu++0x";
				CLANG_CXX_LIBRARY = "libc++";
				CLANG_ENABLE_OBJC_ARC = YES;
				CLANG_WARN_EMPTY_BODY = YES;
				CLANG_WARN__DUPLICATE_METHOD_MATCH = YES;
				COPY_PHASE_STRIP = NO;
				GCC_C_LANGUAGE_STANDARD = gnu99;
				GCC_DYNAMIC_NO_PIC = NO;
				GCC_OPTIMIZATION_LEVEL = 0;
				GCC_PREPROCESSOR_DEFINITIONS = (
					"DEBUG=1",
					"$(inherited)",
				);
				GCC_SYMBOLS_PRIVATE_EXTERN = YES;
				GCC_WARN_ABOUT_RETURN_TYPE = YES;
				GCC_WARN_UNINITIALIZED_AUTOS = YES;
				GCC_WARN_UNUSED_VARIABLE = YES;
				IPHONEOS_DEPLOYMENT_TARGET = 6.0;
				ONLY_ACTIVE_ARCH = YES;
				OTHER_LDFLAGS = "-ObjC";
				PRIVATE_HEADERS_FOLDER_PATH = ../../PrivateHeaders;
				PUBLIC_HEADERS_FOLDER_PATH = ../../Headers;
				SDKROOT = iphoneos;
				STRIP_INSTALLED_PRODUCT = NO;
			};
			name = Debug;
		};
		10418C871642D5E600066DE0 /* Release */ = {
			isa = XCBuildConfiguration;
			buildSettings = {
				ALWAYS_SEARCH_USER_PATHS = NO;
				CLANG_CXX_LANGUAGE_STANDARD = "gnu++0x";
				CLANG_CXX_LIBRARY = "libc++";
				CLANG_ENABLE_OBJC_ARC = YES;
				CLANG_WARN_EMPTY_BODY = YES;
				CLANG_WARN__DUPLICATE_METHOD_MATCH = YES;
				COPY_PHASE_STRIP = NO;
				GCC_C_LANGUAGE_STANDARD = gnu99;
				GCC_SYMBOLS_PRIVATE_EXTERN = YES;
				GCC_WARN_ABOUT_RETURN_TYPE = YES;
				GCC_WARN_UNINITIALIZED_AUTOS = YES;
				GCC_WARN_UNUSED_VARIABLE = YES;
				IPHONEOS_DEPLOYMENT_TARGET = 6.0;
				OTHER_LDFLAGS = "-ObjC";
				PRIVATE_HEADERS_FOLDER_PATH = ../../PrivateHeaders;
				PUBLIC_HEADERS_FOLDER_PATH = ../../Headers;
				SDKROOT = iphoneos;
				STRIP_INSTALLED_PRODUCT = NO;
				VALIDATE_PRODUCT = YES;
			};
			name = Release;
		};
		10418C891642D5E600066DE0 /* Debug */ = {
			isa = XCBuildConfiguration;
			buildSettings = {
				ARCHS = (
					arm64,
					armv7s,
					armv7,
				);
				DSTROOT = /tmp/PebbleVendor.dst;
				GCC_PRECOMPILE_PREFIX_HEADER = YES;
				GCC_PREFIX_HEADER = "PebbleVendor-Prefix.pch";
				GCC_SYMBOLS_PRIVATE_EXTERN = NO;
				LIBRARY_SEARCH_PATHS = (
					"$(inherited)",
					"\"$(SRCROOT)/OCMock\"",
				);
				ONLY_ACTIVE_ARCH = NO;
				OTHER_CFLAGS = "-Wno-all";
				OTHER_LDFLAGS = "-ObjC";
				PRODUCT_NAME = "$(TARGET_NAME)";
				PUBLIC_HEADERS_FOLDER_PATH = include/PebbleVendor;
				SKIP_INSTALL = YES;
			};
			name = Debug;
		};
		10418C8A1642D5E600066DE0 /* Release */ = {
			isa = XCBuildConfiguration;
			buildSettings = {
				ARCHS = (
					arm64,
					armv7s,
					armv7,
				);
				DSTROOT = /tmp/PebbleVendor.dst;
				GCC_PRECOMPILE_PREFIX_HEADER = YES;
				GCC_PREFIX_HEADER = "PebbleVendor-Prefix.pch";
				LIBRARY_SEARCH_PATHS = (
					"$(inherited)",
					"\"$(SRCROOT)/OCMock\"",
				);
				ONLY_ACTIVE_ARCH = NO;
				OTHER_CFLAGS = "-Wno-all";
				OTHER_LDFLAGS = "-ObjC";
				PRODUCT_NAME = "$(TARGET_NAME)";
				PUBLIC_HEADERS_FOLDER_PATH = include/PebbleVendor;
				SKIP_INSTALL = YES;
			};
			name = Release;
		};
		10418D901642E8B700066DE0 /* Debug */ = {
			isa = XCBuildConfiguration;
			buildSettings = {
				DSTROOT = /tmp/PebbleOCMock.dst;
				GCC_PRECOMPILE_PREFIX_HEADER = YES;
				GCC_PREFIX_HEADER = "PebbleOCMock-Prefix.pch";
				GCC_SYMBOLS_PRIVATE_EXTERN = NO;
				HEADER_SEARCH_PATHS = "$(SRCROOT)";
				OTHER_LDFLAGS = "-ObjC";
				PRODUCT_NAME = "$(TARGET_NAME)";
				SKIP_INSTALL = YES;
			};
			name = Debug;
		};
		10418D911642E8B700066DE0 /* Release */ = {
			isa = XCBuildConfiguration;
			buildSettings = {
				DSTROOT = /tmp/PebbleOCMock.dst;
				GCC_PRECOMPILE_PREFIX_HEADER = YES;
				GCC_PREFIX_HEADER = "PebbleOCMock-Prefix.pch";
				HEADER_SEARCH_PATHS = "$(SRCROOT)";
				OTHER_LDFLAGS = "-ObjC";
				PRODUCT_NAME = "$(TARGET_NAME)";
				SKIP_INSTALL = YES;
			};
			name = Release;
		};
/* End XCBuildConfiguration section */

/* Begin XCConfigurationList section */
		10418C741642D5E600066DE0 /* Build configuration list for PBXProject "PebbleVendor" */ = {
			isa = XCConfigurationList;
			buildConfigurations = (
				10418C861642D5E600066DE0 /* Debug */,
				10418C871642D5E600066DE0 /* Release */,
			);
			defaultConfigurationIsVisible = 0;
			defaultConfigurationName = Release;
		};
		10418C881642D5E600066DE0 /* Build configuration list for PBXNativeTarget "PebbleVendor" */ = {
			isa = XCConfigurationList;
			buildConfigurations = (
				10418C891642D5E600066DE0 /* Debug */,
				10418C8A1642D5E600066DE0 /* Release */,
			);
			defaultConfigurationIsVisible = 0;
			defaultConfigurationName = Release;
		};
		10418D8F1642E8B700066DE0 /* Build configuration list for PBXNativeTarget "PebbleTesting" */ = {
			isa = XCConfigurationList;
			buildConfigurations = (
				10418D901642E8B700066DE0 /* Debug */,
				10418D911642E8B700066DE0 /* Release */,
			);
			defaultConfigurationIsVisible = 0;
			defaultConfigurationName = Release;
		};
/* End XCConfigurationList section */
	};
	rootObject = 10418C711642D5E600066DE0 /* Project object */;
}
